
Microsoft Visual Studio Solution File, Format Version 12.00
# Visual Studio 15
Project("{FAE04EC0-301F-11D3-BF4B-00C04F79EFBC}") = "assignment2", "assignment2\assignment2.csproj", "{E5254813-F314-4AEA-AB33-CDE8A1087111}"
EndProject
Global
	GlobalSection(SolutionConfigurationPlatforms) = preSolution
		Debug|anycpu = Debug|anycpu
		Release|anycpu = Release|anycpu
	EndGlobalSection
	GlobalSection(ProjectConfigurationPlatforms) = postSolution
		{E5254813-F314-4AEA-AB33-CDE8A1087111}.Debug|anycpu.ActiveCfg = Debug|anycpu
		{E5254813-F314-4AEA-AB33-CDE8A1087111}.Debug|anycpu.Build.0 = Debug|anycpu
		{E5254813-F314-4AEA-AB33-CDE8A1087111}.Release|anycpu.ActiveCfg = Release|anycpu
		{E5254813-F314-4AEA-AB33-CDE8A1087111}.Release|anycpu.Build.0 = Release|anycpu
	EndGlobalSection
EndGlobal
